
Microsoft Visual Studio Solution File, Format Version 12.00
# Visual Studio Version 16
VisualStudioVersion = 16.0.30413.136
MinimumVisualStudioVersion = 10.0.40219.1
Project("{FAE04EC0-301F-11D3-BF4B-00C04F79EFBC}") = "TimeSpender19septPKlok", "TimeSpender19septPKlok\TimeSpender19septPKlok.csproj", "{ABDB85C5-6159-4A2E-A561-AF21B48F328B}"
EndProject
Global
	GlobalSection(SolutionConfigurationPlatforms) = preSolution
		Debug|Any CPU = Debug|Any CPU
		Release|Any CPU = Release|Any CPU
	EndGlobalSection
	GlobalSection(ProjectConfigurationPlatforms) = postSolution
		{ABDB85C5-6159-4A2E-A561-AF21B48F328B}.Debug|Any CPU.ActiveCfg = Debug|Any CPU
		{ABDB85C5-6159-4A2E-A561-AF21B48F328B}.Debug|Any CPU.Build.0 = Debug|Any CPU
		{ABDB85C5-6159-4A2E-A561-AF21B48F328B}.Release|Any CPU.ActiveCfg = Release|Any CPU
		{ABDB85C5-6159-4A2E-A561-AF21B48F328B}.Release|Any CPU.Build.0 = Release|Any CPU
	EndGlobalSection
	GlobalSection(SolutionProperties) = preSolution
		HideSolutionNode = FALSE
	EndGlobalSection
	GlobalSection(ExtensibilityGlobals) = postSolution
		SolutionGuid = {1646600C-EC49-4790-8F05-DD15301C2B81}
	EndGlobalSection
EndGlobal
